
Microsoft Visual Studio Solution File, Format Version 12.00
# Visual Studio Version 17
VisualStudioVersion = 17.13.35931.197 d17.13
MinimumVisualStudioVersion = 10.0.40219.1
Project("{FAE04EC0-301F-11D3-BF4B-00C04F79EFBC}") = "sinavNotuHesaplama", "sinavNotuHesaplama\sinavNotuHesaplama.csproj", "{FFA7838A-4C16-47EE-B2C8-327B17EBC2EA}"
EndProject
Global
	GlobalSection(SolutionConfigurationPlatforms) = preSolution
		Debug|Any CPU = Debug|Any CPU
		Release|Any CPU = Release|Any CPU
	EndGlobalSection
	GlobalSection(ProjectConfigurationPlatforms) = postSolution
		{FFA7838A-4C16-47EE-B2C8-327B17EBC2EA}.Debug|Any CPU.ActiveCfg = Debug|Any CPU
		{FFA7838A-4C16-47EE-B2C8-327B17EBC2EA}.Debug|Any CPU.Build.0 = Debug|Any CPU
		{FFA7838A-4C16-47EE-B2C8-327B17EBC2EA}.Release|Any CPU.ActiveCfg = Release|Any CPU
		{FFA7838A-4C16-47EE-B2C8-327B17EBC2EA}.Release|Any CPU.Build.0 = Release|Any CPU
	EndGlobalSection
	GlobalSection(SolutionProperties) = preSolution
		HideSolutionNode = FALSE
	EndGlobalSection
	GlobalSection(ExtensibilityGlobals) = postSolution
		SolutionGuid = {10C7314C-E1B8-471A-A344-FBAFC3471670}
	EndGlobalSection
EndGlobal
